// !$*UTF8*$!
{
	archiveVersion = 1;
	classes = {
	};
	objectVersion = 48;
	objects = {

/* Begin PBXBuildFile section */
		79C27EDA1FC6BB40002B5BF0 /* AppDelegate.m in Sources */ = {isa = PBXBuildFile; fileRef = 79C27ED91FC6BB40002B5BF0 /* AppDelegate.m */; };
		79C27EDD1FC6BB40002B5BF0 /* ViewController.m in Sources */ = {isa = PBXBuildFile; fileRef = 79C27EDC1FC6BB40002B5BF0 /* ViewController.m */; };
		79C27EE01FC6BB40002B5BF0 /* Main.storyboard in Resources */ = {isa = PBXBuildFile; fileRef = 79C27EDE1FC6BB40002B5BF0 /* Main.storyboard */; };
		79C27EE21FC6BB40002B5BF0 /* Assets.xcassets in Resources */ = {isa = PBXBuildFile; fileRef = 79C27EE11FC6BB40002B5BF0 /* Assets.xcassets */; };
		79C27EE51FC6BB40002B5BF0 /* LaunchScreen.storyboard in Resources */ = {isa = PBXBuildFile; fileRef = 79C27EE31FC6BB40002B5BF0 /* LaunchScreen.storyboard */; };
		79C27EE81FC6BB40002B5BF0 /* main.m in Sources */ = {isa = PBXBuildFile; fileRef = 79C27EE71FC6BB40002B5BF0 /* main.m */; };
		79C27EF21FC6BB41002B5BF0 /* GKLoadingViewTests.m in Sources */ = {isa = PBXBuildFile; fileRef = 79C27EF11FC6BB41002B5BF0 /* GKLoadingViewTests.m */; };
		79C27EFD1FC6BB41002B5BF0 /* GKLoadingViewUITests.m in Sources */ = {isa = PBXBuildFile; fileRef = 79C27EFC1FC6BB41002B5BF0 /* GKLoadingViewUITests.m */; };
		79C27F0D1FC6BB86002B5BF0 /* GKLoadingView.m in Sources */ = {isa = PBXBuildFile; fileRef = 79C27F0C1FC6BB86002B5BF0 /* GKLoadingView.m */; };
		79C27F111FC6BBEB002B5BF0 /* angle-mask@2x.png in Resources */ = {isa = PBXBuildFile; fileRef = 79C27F0E1FC6BBEB002B5BF0 /* angle-mask@2x.png */; };
		79C27F121FC6BBEB002B5BF0 /* angle-mask.png in Resources */ = {isa = PBXBuildFile; fileRef = 79C27F0F1FC6BBEB002B5BF0 /* angle-mask.png */; };
		79C27F131FC6BBEB002B5BF0 /* angle-mask@3x.png in Resources */ = {isa = PBXBuildFile; fileRef = 79C27F101FC6BBEB002B5BF0 /* angle-mask@3x.png */; };
/* End PBXBuildFile section */

/* Begin PBXContainerItemProxy section */
		79C27EEE1FC6BB41002B5BF0 /* PBXContainerItemProxy */ = {
			isa = PBXContainerItemProxy;
			containerPortal = 79C27ECD1FC6BB40002B5BF0 /* Project object */;
			proxyType = 1;
			remoteGlobalIDString = 79C27ED41FC6BB40002B5BF0;
			remoteInfo = GKLoadingView;
		};
		79C27EF91FC6BB41002B5BF0 /* PBXContainerItemProxy */ = {
			isa = PBXContainerItemProxy;
			containerPortal = 79C27ECD1FC6BB40002B5BF0 /* Project object */;
			proxyType = 1;
			remoteGlobalIDString = 79C27ED41FC6BB40002B5BF0;
			remoteInfo = GKLoadingView;
		};
/* End PBXContainerItemProxy section */

/* Begin PBXFileReference section */
		79C27ED51FC6BB40002B5BF0 /* GKLoadingView.app */ = {isa = PBXFileReference; explicitFileType = wrapper.application; includeInIndex = 0; path = GKLoadingView.app; sourceTree = BUILT_PRODUCTS_DIR; };
		79C27ED81FC6BB40002B5BF0 /* AppDelegate.h */ = {isa = PBXFileReference; lastKnownFileType = sourcecode.c.h; path = AppDelegate.h; sourceTree = "<group>"; };
		79C27ED91FC6BB40002B5BF0 /* AppDelegate.m */ = {isa = PBXFileReference; lastKnownFileType = sourcecode.c.objc; path = AppDelegate.m; sourceTree = "<group>"; };
		79C27EDB1FC6BB40002B5BF0 /* ViewController.h */ = {isa = PBXFileReference; lastKnownFileType = sourcecode.c.h; path = ViewController.h; sourceTree = "<group>"; };
		79C27EDC1FC6BB40002B5BF0 /* ViewController.m */ = {isa = PBXFileReference; lastKnownFileType = sourcecode.c.objc; path = ViewController.m; sourceTree = "<group>"; };
		79C27EDF1FC6BB40002B5BF0 /* Base */ = {isa = PBXFileReference; lastKnownFileType = file.storyboard; name = Base; path = Base.lproj/Main.storyboard; sourceTree = "<group>"; };
		79C27EE11FC6BB40002B5BF0 /* Assets.xcassets */ = {isa = PBXFileReference; lastKnownFileType = folder.assetcatalog; path = Assets.xcassets; sourceTree = "<group>"; };
		79C27EE41FC6BB40002B5BF0 /* Base */ = {isa = PBXFileReference; lastKnownFileType = file.storyboard; name = Base; path = Base.lproj/LaunchScreen.storyboard; sourceTree = "<group>"; };
		79C27EE61FC6BB40002B5BF0 /* Info.plist */ = {isa = PBXFileReference; lastKnownFileType = text.plist.xml; path = Info.plist; sourceTree = "<group>"; };
		79C27EE71FC6BB40002B5BF0 /* main.m */ = {isa = PBXFileReference; lastKnownFileType = sourcecode.c.objc; path = main.m; sourceTree = "<group>"; };
		79C27EED1FC6BB41002B5BF0 /* GKLoadingViewTests.xctest */ = {isa = PBXFileReference; explicitFileType = wrapper.cfbundle; includeInIndex = 0; path = GKLoadingViewTests.xctest; sourceTree = BUILT_PRODUCTS_DIR; };
		79C27EF11FC6BB41002B5BF0 /* GKLoadingViewTests.m */ = {isa = PBXFileReference; lastKnownFileType = sourcecode.c.objc; path = GKLoadingViewTests.m; sourceTree = "<group>"; };
		79C27EF31FC6BB41002B5BF0 /* Info.plist */ = {isa = PBXFileReference; lastKnownFileType = text.plist.xml; path = Info.plist; sourceTree = "<group>"; };
		79C27EF81FC6BB41002B5BF0 /* GKLoadingViewUITests.xctest */ = {isa = PBXFileReference; explicitFileType = wrapper.cfbundle; includeInIndex = 0; path = GKLoadingViewUITests.xctest; sourceTree = BUILT_PRODUCTS_DIR; };
		79C27EFC1FC6BB41002B5BF0 /* GKLoadingViewUITests.m */ = {isa = PBXFileReference; lastKnownFileType = sourcecode.c.objc; path = GKLoadingViewUITests.m; sourceTree = "<group>"; };
		79C27EFE1FC6BB41002B5BF0 /* Info.plist */ = {isa = PBXFileReference; lastKnownFileType = text.plist.xml; path = Info.plist; sourceTree = "<group>"; };
		79C27F0B1FC6BB86002B5BF0 /* GKLoadingView.h */ = {isa = PBXFileReference; fileEncoding = 4; lastKnownFileType = sourcecode.c.h; path = GKLoadingView.h; sourceTree = "<group>"; };
		79C27F0C1FC6BB86002B5BF0 /* GKLoadingView.m */ = {isa = PBXFileReference; fileEncoding = 4; lastKnownFileType = sourcecode.c.objc; path = GKLoadingView.m; sourceTree = "<group>"; };
		79C27F0E1FC6BBEB002B5BF0 /* angle-mask@2x.png */ = {isa = PBXFileReference; lastKnownFileType = image.png; path = "angle-mask@2x.png"; sourceTree = "<group>"; };
		79C27F0F1FC6BBEB002B5BF0 /* angle-mask.png */ = {isa = PBXFileReference; lastKnownFileType = image.png; path = "angle-mask.png"; sourceTree = "<group>"; };
		79C27F101FC6BBEB002B5BF0 /* angle-mask@3x.png */ = {isa = PBXFileReference; lastKnownFileType = image.png; path = "angle-mask@3x.png"; sourceTree = "<group>"; };
/* End PBXFileReference section */

/* Begin PBXFrameworksBuildPhase section */
		79C27ED21FC6BB40002B5BF0 /* Frameworks */ = {
			isa = PBXFrameworksBuildPhase;
			buildActionMask = 2147483647;
			files = (
			);
			runOnlyForDeploymentPostprocessing = 0;
		};
		79C27EEA1FC6BB41002B5BF0 /* Frameworks */ = {
			isa = PBXFrameworksBuildPhase;
			buildActionMask = 2147483647;
			files = (
			);
			runOnlyForDeploymentPostprocessing = 0;
		};
		79C27EF51FC6BB41002B5BF0 /* Frameworks */ = {
			isa = PBXFrameworksBuildPhase;
			buildActionMask = 2147483647;
			files = (
			);
			runOnlyForDeploymentPostprocessing = 0;
		};
/* End PBXFrameworksBuildPhase section */

/* Begin PBXGroup section */
		79C27ECC1FC6BB40002B5BF0 = {
			isa = PBXGroup;
			children = (
				79C27ED71FC6BB40002B5BF0 /* GKLoadingView */,
				79C27EF01FC6BB41002B5BF0 /* GKLoadingViewTests */,
				79C27EFB1FC6BB41002B5BF0 /* GKLoadingViewUITests */,
				79C27ED61FC6BB40002B5BF0 /* Products */,
			);
			sourceTree = "<group>";
		};
		79C27ED61FC6BB40002B5BF0 /* Products */ = {
			isa = PBXGroup;
			children = (
				79C27ED51FC6BB40002B5BF0 /* GKLoadingView.app */,
				79C27EED1FC6BB41002B5BF0 /* GKLoadingViewTests.xctest */,
				79C27EF81FC6BB41002B5BF0 /* GKLoadingViewUITests.xctest */,
			);
			name = Products;
			sourceTree = "<group>";
		};
		79C27ED71FC6BB40002B5BF0 /* GKLoadingView */ = {
			isa = PBXGroup;
			children = (
				79C27F0A1FC6BB69002B5BF0 /* GKLoadingView */,
				79C27ED81FC6BB40002B5BF0 /* AppDelegate.h */,
				79C27ED91FC6BB40002B5BF0 /* AppDelegate.m */,
				79C27EDB1FC6BB40002B5BF0 /* ViewController.h */,
				79C27EDC1FC6BB40002B5BF0 /* ViewController.m */,
				79C27EDE1FC6BB40002B5BF0 /* Main.storyboard */,
				79C27EE11FC6BB40002B5BF0 /* Assets.xcassets */,
				79C27EE31FC6BB40002B5BF0 /* LaunchScreen.storyboard */,
				79C27EE61FC6BB40002B5BF0 /* Info.plist */,
				79C27EE71FC6BB40002B5BF0 /* main.m */,
			);
			path = GKLoadingView;
			sourceTree = "<group>";
		};
		79C27EF01FC6BB41002B5BF0 /* GKLoadingViewTests */ = {
			isa = PBXGroup;
			children = (
				79C27EF11FC6BB41002B5BF0 /* GKLoadingViewTests.m */,
				79C27EF31FC6BB41002B5BF0 /* Info.plist */,
			);
			path = GKLoadingViewTests;
			sourceTree = "<group>";
		};
		79C27EFB1FC6BB41002B5BF0 /* GKLoadingViewUITests */ = {
			isa = PBXGroup;
			children = (
				79C27EFC1FC6BB41002B5BF0 /* GKLoadingViewUITests.m */,
				79C27EFE1FC6BB41002B5BF0 /* Info.plist */,
			);
			path = GKLoadingViewUITests;
			sourceTree = "<group>";
		};
		79C27F0A1FC6BB69002B5BF0 /* GKLoadingView */ = {
			isa = PBXGroup;
			children = (
				79C27F0B1FC6BB86002B5BF0 /* GKLoadingView.h */,
				79C27F0C1FC6BB86002B5BF0 /* GKLoadingView.m */,
				79C27F0F1FC6BBEB002B5BF0 /* angle-mask.png */,
				79C27F0E1FC6BBEB002B5BF0 /* angle-mask@2x.png */,
				79C27F101FC6BBEB002B5BF0 /* angle-mask@3x.png */,
			);
			path = GKLoadingView;
			sourceTree = "<group>";
		};
/* End PBXGroup section */

/* Begin PBXNativeTarget section */
		79C27ED41FC6BB40002B5BF0 /* GKLoadingView */ = {
			isa = PBXNativeTarget;
			buildConfigurationList = 79C27F011FC6BB41002B5BF0 /* Build configuration list for PBXNativeTarget "GKLoadingView" */;
			buildPhases = (
				79C27ED11FC6BB40002B5BF0 /* Sources */,
				79C27ED21FC6BB40002B5BF0 /* Frameworks */,
				79C27ED31FC6BB40002B5BF0 /* Resources */,
			);
			buildRules = (
			);
			dependencies = (
			);
			name = GKLoadingView;
			productName = GKLoadingView;
			productReference = 79C27ED51FC6BB40002B5BF0 /* GKLoadingView.app */;
			productType = "com.apple.product-type.application";
		};
		79C27EEC1FC6BB41002B5BF0 /* GKLoadingViewTests */ = {
			isa = PBXNativeTarget;
			buildConfigurationList = 79C27F041FC6BB41002B5BF0 /* Build configuration list for PBXNativeTarget "GKLoadingViewTests" */;
			buildPhases = (
				79C27EE91FC6BB41002B5BF0 /* Sources */,
				79C27EEA1FC6BB41002B5BF0 /* Frameworks */,
				79C27EEB1FC6BB41002B5BF0 /* Resources */,
			);
			buildRules = (
			);
			dependencies = (
				79C27EEF1FC6BB41002B5BF0 /* PBXTargetDependency */,
			);
			name = GKLoadingViewTests;
			productName = GKLoadingViewTests;
			productReference = 79C27EED1FC6BB41002B5BF0 /* GKLoadingViewTests.xctest */;
			productType = "com.apple.product-type.bundle.unit-test";
		};
		79C27EF71FC6BB41002B5BF0 /* GKLoadingViewUITests */ = {
			isa = PBXNativeTarget;
			buildConfigurationList = 79C27F071FC6BB41002B5BF0 /* Build configuration list for PBXNativeTarget "GKLoadingViewUITests" */;
			buildPhases = (
				79C27EF41FC6BB41002B5BF0 /* Sources */,
				79C27EF51FC6BB41002B5BF0 /* Frameworks */,
				79C27EF61FC6BB41002B5BF0 /* Resources */,
			);
			buildRules = (
			);
			dependencies = (
				79C27EFA1FC6BB41002B5BF0 /* PBXTargetDependency */,
			);
			name = GKLoadingViewUITests;
			productName = GKLoadingViewUITests;
			productReference = 79C27EF81FC6BB41002B5BF0 /* GKLoadingViewUITests.xctest */;
			productType = "com.apple.product-type.bundle.ui-testing";
		};
/* End PBXNativeTarget section */

/* Begin PBXProject section */
		79C27ECD1FC6BB40002B5BF0 /* Project object */ = {
			isa = PBXProject;
			attributes = {
				LastUpgradeCheck = 0910;
				ORGANIZATIONNAME = QuintGao;
				TargetAttributes = {
					79C27ED41FC6BB40002B5BF0 = {
						CreatedOnToolsVersion = 9.1;
						ProvisioningStyle = Manual;
					};
					79C27EEC1FC6BB41002B5BF0 = {
						CreatedOnToolsVersion = 9.1;
						ProvisioningStyle = Automatic;
						TestTargetID = 79C27ED41FC6BB40002B5BF0;
					};
					79C27EF71FC6BB41002B5BF0 = {
						CreatedOnToolsVersion = 9.1;
						ProvisioningStyle = Automatic;
						TestTargetID = 79C27ED41FC6BB40002B5BF0;
					};
				};
			};
			buildConfigurationList = 79C27ED01FC6BB40002B5BF0 /* Build configuration list for PBXProject "GKLoadingView" */;
			compatibilityVersion = "Xcode 8.0";
			developmentRegion = en;
			hasScannedForEncodings = 0;
			knownRegions = (
				en,
				Base,
			);
			mainGroup = 79C27ECC1FC6BB40002B5BF0;
			productRefGroup = 79C27ED61FC6BB40002B5BF0 /* Products */;
			projectDirPath = "";
			projectRoot = "";
			targets = (
				79C27ED41FC6BB40002B5BF0 /* GKLoadingView */,
				79C27EEC1FC6BB41002B5BF0 /* GKLoadingViewTests */,
				79C27EF71FC6BB41002B5BF0 /* GKLoadingViewUITests */,
			);
		};
/* End PBXProject section */

/* Begin PBXResourcesBuildPhase section */
		79C27ED31FC6BB40002B5BF0 /* Resources */ = {
			isa = PBXResourcesBuildPhase;
			buildActionMask = 2147483647;
			files = (
				79C27F121FC6BBEB002B5BF0 /* angle-mask.png in Resources */,
				79C27EE51FC6BB40002B5BF0 /* LaunchScreen.storyboard in Resources */,
				79C27EE21FC6BB40002B5BF0 /* Assets.xcassets in Resources */,
				79C27F111FC6BBEB002B5BF0 /* angle-mask@2x.png in Resources */,
				79C27EE01FC6BB40002B5BF0 /* Main.storyboard in Resources */,
				79C27F131FC6BBEB002B5BF0 /* angle-mask@3x.png in Resources */,
			);
			runOnlyForDeploymentPostprocessing = 0;
		};
		79C27EEB1FC6BB41002B5BF0 /* Resources */ = {
			isa = PBXResourcesBuildPhase;
			buildActionMask = 2147483647;
			files = (
			);
			runOnlyForDeploymentPostprocessing = 0;
		};
		79C27EF61FC6BB41002B5BF0 /* Resources */ = {
			isa = PBXResourcesBuildPhase;
			buildActionMask = 2147483647;
			files = (
			);
			runOnlyForDeploymentPostprocessing = 0;
		};
/* End PBXResourcesBuildPhase section */

/* Begin PBXSourcesBuildPhase section */
		79C27ED11FC6BB40002B5BF0 /* Sources */ = {
			isa = PBXSourcesBuildPhase;
			buildActionMask = 2147483647;
			files = (
				79C27EDD1FC6BB40002B5BF0 /* ViewController.m in Sources */,
				79C27F0D1FC6BB86002B5BF0 /* GKLoadingView.m in Sources */,
				79C27EE81FC6BB40002B5BF0 /* main.m in Sources */,
				79C27EDA1FC6BB40002B5BF0 /* AppDelegate.m in Sources */,
			);
			runOnlyForDeploymentPostprocessing = 0;
		};
		79C27EE91FC6BB41002B5BF0 /* Sources */ = {
			isa = PBXSourcesBuildPhase;
			buildActionMask = 2147483647;
			files = (
				79C27EF21FC6BB41002B5BF0 /* GKLoadingViewTests.m in Sources */,
			);
			runOnlyForDeploymentPostprocessing = 0;
		};
		79C27EF41FC6BB41002B5BF0 /* Sources */ = {
			isa = PBXSourcesBuildPhase;
			buildActionMask = 2147483647;
			files = (
				79C27EFD1FC6BB41002B5BF0 /* GKLoadingViewUITests.m in Sources */,
			);
			runOnlyForDeploymentPostprocessing = 0;
		};
/* End PBXSourcesBuildPhase section */

/* Begin PBXTargetDependency section */
		79C27EEF1FC6BB41002B5BF0 /* PBXTargetDependency */ = {
			isa = PBXTargetDependency;
			target = 79C27ED41FC6BB40002B5BF0 /* GKLoadingView */;
			targetProxy = 79C27EEE1FC6BB41002B5BF0 /* PBXContainerItemProxy */;
		};
		79C27EFA1FC6BB41002B5BF0 /* PBXTargetDependency */ = {
			isa = PBXTargetDependency;
			target = 79C27ED41FC6BB40002B5BF0 /* GKLoadingView */;
			targetProxy = 79C27EF91FC6BB41002B5BF0 /* PBXContainerItemProxy */;
		};
/* End PBXTargetDependency section */

/* Begin PBXVariantGroup section */
		79C27EDE1FC6BB40002B5BF0 /* Main.storyboard */ = {
			isa = PBXVariantGroup;
			children = (
				79C27EDF1FC6BB40002B5BF0 /* Base */,
			);
			name = Main.storyboard;
			sourceTree = "<group>";
		};
		79C27EE31FC6BB40002B5BF0 /* LaunchScreen.storyboard */ = {
			isa = PBXVariantGroup;
			children = (
				79C27EE41FC6BB40002B5BF0 /* Base */,
			);
			name = LaunchScreen.storyboard;
			sourceTree = "<group>";
		};
/* End PBXVariantGroup section */

/* Begin XCBuildConfiguration section */
		79C27EFF1FC6BB41002B5BF0 /* Debug */ = {
			isa = XCBuildConfiguration;
			buildSettings = {
				ALWAYS_SEARCH_USER_PATHS = NO;
				CLANG_ANALYZER_NONNULL = YES;
				CLANG_ANALYZER_NUMBER_OBJECT_CONVERSION = YES_AGGRESSIVE;
				CLANG_CXX_LANGUAGE_STANDARD = "gnu++14";
				CLANG_CXX_LIBRARY = "libc++";
				CLANG_ENABLE_MODULES = YES;
				CLANG_ENABLE_OBJC_ARC = YES;
				CLANG_WARN_BLOCK_CAPTURE_AUTORELEASING = YES;
				CLANG_WARN_BOOL_CONVERSION = YES;
				CLANG_WARN_COMMA = YES;
				CLANG_WARN_CONSTANT_CONVERSION = YES;
				CLANG_WARN_DIRECT_OBJC_ISA_USAGE = YES_ERROR;
				CLANG_WARN_DOCUMENTATION_COMMENTS = YES;
				CLANG_WARN_EMPTY_BODY = YES;
				CLANG_WARN_ENUM_CONVERSION = YES;
				CLANG_WARN_INFINITE_RECURSION = YES;
				CLANG_WARN_INT_CONVERSION = YES;
				CLANG_WARN_NON_LITERAL_NULL_CONVERSION = YES;
				CLANG_WARN_OBJC_LITERAL_CONVERSION = YES;
				CLANG_WARN_OBJC_ROOT_CLASS = YES_ERROR;
				CLANG_WARN_RANGE_LOOP_ANALYSIS = YES;
				CLANG_WARN_STRICT_PROTOTYPES = YES;
				CLANG_WARN_SUSPICIOUS_MOVE = YES;
				CLANG_WARN_UNGUARDED_AVAILABILITY = YES_AGGRESSIVE;
				CLANG_WARN_UNREACHABLE_CODE = YES;
				CLANG_WARN__DUPLICATE_METHOD_MATCH = YES;
				CODE_SIGN_IDENTITY = "iPhone Developer";
				COPY_PHASE_STRIP = NO;
				DEBUG_INFORMATION_FORMAT = dwarf;
				ENABLE_STRICT_OBJC_MSGSEND = YES;
				ENABLE_TESTABILITY = YES;
				GCC_C_LANGUAGE_STANDARD = gnu11;
				GCC_DYNAMIC_NO_PIC = NO;
				GCC_NO_COMMON_BLOCKS = YES;
				GCC_OPTIMIZATION_LEVEL = 0;
				GCC_PREPROCESSOR_DEFINITIONS = (
					"DEBUG=1",
					"$(inherited)",
				);
				GCC_WARN_64_TO_32_BIT_CONVERSION = YES;
				GCC_WARN_ABOUT_RETURN_TYPE = YES_ERROR;
				GCC_WARN_UNDECLARED_SELECTOR = YES;
				GCC_WARN_UNINITIALIZED_AUTOS = YES_AGGRESSIVE;
				GCC_WARN_UNUSED_FUNCTION = YES;
				GCC_WARN_UNUSED_VARIABLE = YES;
				IPHONEOS_DEPLOYMENT_TARGET = 11.1;
				MTL_ENABLE_DEBUG_INFO = YES;
				ONLY_ACTIVE_ARCH = YES;
				SDKROOT = iphoneos;
			};
			name = Debug;
		};
		79C27F001FC6BB41002B5BF0 /* Release */ = {
			isa = XCBuildConfiguration;
			buildSettings = {
				ALWAYS_SEARCH_USER_PATHS = NO;
				CLANG_ANALYZER_NONNULL = YES;
				CLANG_ANALYZER_NUMBER_OBJECT_CONVERSION = YES_AGGRESSIVE;
				CLANG_CXX_LANGUAGE_STANDARD = "gnu++14";
				CLANG_CXX_LIBRARY = "libc++";
				CLANG_ENABLE_MODULES = YES;
				CLANG_ENABLE_OBJC_ARC = YES;
				CLANG_WARN_BLOCK_CAPTURE_AUTORELEASING = YES;
				CLANG_WARN_BOOL_CONVERSION = YES;
				CLANG_WARN_COMMA = YES;
				CLANG_WARN_CONSTANT_CONVERSION = YES;
				CLANG_WARN_DIRECT_OBJC_ISA_USAGE = YES_ERROR;
				CLANG_WARN_DOCUMENTATION_COMMENTS = YES;
				CLANG_WARN_EMPTY_BODY = YES;
				CLANG_WARN_ENUM_CONVERSION = YES;
				CLANG_WARN_INFINITE_RECURSION = YES;
				CLANG_WARN_INT_CONVERSION = YES;
				CLANG_WARN_NON_LITERAL_NULL_CONVERSION = YES;
				CLANG_WARN_OBJC_LITERAL_CONVERSION = YES;
				CLANG_WARN_OBJC_ROOT_CLASS = YES_ERROR;
				CLANG_WARN_RANGE_LOOP_ANALYSIS = YES;
				CLANG_WARN_STRICT_PROTOTYPES = YES;
				CLANG_WARN_SUSPICIOUS_MOVE = YES;
				CLANG_WARN_UNGUARDED_AVAILABILITY = YES_AGGRESSIVE;
				CLANG_WARN_UNREACHABLE_CODE = YES;
				CLANG_WARN__DUPLICATE_METHOD_MATCH = YES;
				CODE_SIGN_IDENTITY = "iPhone Developer";
				COPY_PHASE_STRIP = NO;
				DEBUG_INFORMATION_FORMAT = "dwarf-with-dsym";
				ENABLE_NS_ASSERTIONS = NO;
				ENABLE_STRICT_OBJC_MSGSEND = YES;
				GCC_C_LANGUAGE_STANDARD = gnu11;
				GCC_NO_COMMON_BLOCKS = YES;
				GCC_WARN_64_TO_32_BIT_CONVERSION = YES;
				GCC_WARN_ABOUT_RETURN_TYPE = YES_ERROR;
				GCC_WARN_UNDECLARED_SELECTOR = YES;
				GCC_WARN_UNINITIALIZED_AUTOS = YES_AGGRESSIVE;
				GCC_WARN_UNUSED_FUNCTION = YES;
				GCC_WARN_UNUSED_VARIABLE = YES;
				IPHONEOS_DEPLOYMENT_TARGET = 11.1;
				MTL_ENABLE_DEBUG_INFO = NO;
				SDKROOT = iphoneos;
				VALIDATE_PRODUCT = YES;
			};
			name = Release;
		};
		79C27F021FC6BB41002B5BF0 /* Debug */ = {
			isa = XCBuildConfiguration;
			buildSettings = {
				ASSETCATALOG_COMPILER_APPICON_NAME = AppIcon;
				CODE_SIGN_STYLE = Manual;
				DEVELOPMENT_TEAM = 9J2ZLU6Z7U;
				INFOPLIST_FILE = GKLoadingView/Info.plist;
				LD_RUNPATH_SEARCH_PATHS = "$(inherited) @executable_path/Frameworks";
				PRODUCT_BUNDLE_IDENTIFIER = com.jvtalking.GKLoadingView;
				PRODUCT_NAME = "$(TARGET_NAME)";
				PROVISIONING_PROFILE = "ccbba57f-97f6-4ffe-9154-b8a209a7d9cd";
				PROVISIONING_PROFILE_SPECIFIER = "jvtalking___test";
				TARGETED_DEVICE_FAMILY = "1,2";
			};
			name = Debug;
		};
		79C27F031FC6BB41002B5BF0 /* Release */ = {
			isa = XCBuildConfiguration;
			buildSettings = {
				ASSETCATALOG_COMPILER_APPICON_NAME = AppIcon;
				CODE_SIGN_STYLE = Manual;
				DEVELOPMENT_TEAM = 9J2ZLU6Z7U;
				INFOPLIST_FILE = GKLoadingView/Info.plist;
				LD_RUNPATH_SEARCH_PATHS = "$(inherited) @executable_path/Frameworks";
				PRODUCT_BUNDLE_IDENTIFIER = com.jvtalking.GKLoadingView;
				PRODUCT_NAME = "$(TARGET_NAME)";
				PROVISIONING_PROFILE = "ccbba57f-97f6-4ffe-9154-b8a209a7d9cd";
				PROVISIONING_PROFILE_SPECIFIER = "jvtalking___test";
				TARGETED_DEVICE_FAMILY = "1,2";
			};
			name = Release;
		};
		79C27F051FC6BB41002B5BF0 /* Debug */ = {
			isa = XCBuildConfiguration;
			buildSettings = {
				BUNDLE_LOADER = "$(TEST_HOST)";
				CODE_SIGN_STYLE = Automatic;
				DEVELOPMENT_TEAM = 85SKD6C7ZZ;
				INFOPLIST_FILE = GKLoadingViewTests/Info.plist;
				LD_RUNPATH_SEARCH_PATHS = "$(inherited) @executable_path/Frameworks @loader_path/Frameworks";
				PRODUCT_BUNDLE_IDENTIFIER = com.aiyinsitanfm.GKLoadingViewTests;
				PRODUCT_NAME = "$(TARGET_NAME)";
				TARGETED_DEVICE_FAMILY = "1,2";
				TEST_HOST = "$(BUILT_PRODUCTS_DIR)/GKLoadingView.app/GKLoadingView";
			};
			name = Debug;
		};
		79C27F061FC6BB41002B5BF0 /* Release */ = {
			isa = XCBuildConfiguration;
			buildSettings = {
				BUNDLE_LOADER = "$(TEST_HOST)";
				CODE_SIGN_STYLE = Automatic;
				DEVELOPMENT_TEAM = 85SKD6C7ZZ;
				INFOPLIST_FILE = GKLoadingViewTests/Info.plist;
				LD_RUNPATH_SEARCH_PATHS = "$(inherited) @executable_path/Frameworks @loader_path/Frameworks";
				PRODUCT_BUNDLE_IDENTIFIER = com.aiyinsitanfm.GKLoadingViewTests;
				PRODUCT_NAME = "$(TARGET_NAME)";
				TARGETED_DEVICE_FAMILY = "1,2";
				TEST_HOST = "$(BUILT_PRODUCTS_DIR)/GKLoadingView.app/GKLoadingView";
			};
			name = Release;
		};
		79C27F081FC6BB41002B5BF0 /* Debug */ = {
			isa = XCBuildConfiguration;
			buildSettings = {
				CODE_SIGN_STYLE = Automatic;
				DEVELOPMENT_TEAM = 85SKD6C7ZZ;
				INFOPLIST_FILE = GKLoadingViewUITests/Info.plist;
				LD_RUNPATH_SEARCH_PATHS = "$(inherited) @executable_path/Frameworks @loader_path/Frameworks";
				PRODUCT_BUNDLE_IDENTIFIER = com.aiyinsitanfm.GKLoadingViewUITests;
				PRODUCT_NAME = "$(TARGET_NAME)";
				TARGETED_DEVICE_FAMILY = "1,2";
				TEST_TARGET_NAME = GKLoadingView;
			};
			name = Debug;
		};
		79C27F091FC6BB41002B5BF0 /* Release */ = {
			isa = XCBuildConfiguration;
			buildSettings = {
				CODE_SIGN_STYLE = Automatic;
				DEVELOPMENT_TEAM = 85SKD6C7ZZ;
				INFOPLIST_FILE = GKLoadingViewUITests/Info.plist;
				LD_RUNPATH_SEARCH_PATHS = "$(inherited) @executable_path/Frameworks @loader_path/Frameworks";
				PRODUCT_BUNDLE_IDENTIFIER = com.aiyinsitanfm.GKLoadingViewUITests;
				PRODUCT_NAME = "$(TARGET_NAME)";
				TARGETED_DEVICE_FAMILY = "1,2";
				TEST_TARGET_NAME = GKLoadingView;
			};
			name = Release;
		};
/* End XCBuildConfiguration section */

/* Begin XCConfigurationList section */
		79C27ED01FC6BB40002B5BF0 /* Build configuration list for PBXProject "GKLoadingView" */ = {
			isa = XCConfigurationList;
			buildConfigurations = (
				79C27EFF1FC6BB41002B5BF0 /* Debug */,
				79C27F001FC6BB41002B5BF0 /* Release */,
			);
			defaultConfigurationIsVisible = 0;
			defaultConfigurationName = Release;
		};
		79C27F011FC6BB41002B5BF0 /* Build configuration list for PBXNativeTarget "GKLoadingView" */ = {
			isa = XCConfigurationList;
			buildConfigurations = (
				79C27F021FC6BB41002B5BF0 /* Debug */,
				79C27F031FC6BB41002B5BF0 /* Release */,
			);
			defaultConfigurationIsVisible = 0;
			defaultConfigurationName = Release;
		};
		79C27F041FC6BB41002B5BF0 /* Build configuration list for PBXNativeTarget "GKLoadingViewTests" */ = {
			isa = XCConfigurationList;
			buildConfigurations = (
				79C27F051FC6BB41002B5BF0 /* Debug */,
				79C27F061FC6BB41002B5BF0 /* Release */,
			);
			defaultConfigurationIsVisible = 0;
			defaultConfigurationName = Release;
		};
		79C27F071FC6BB41002B5BF0 /* Build configuration list for PBXNativeTarget "GKLoadingViewUITests" */ = {
			isa = XCConfigurationList;
			buildConfigurations = (
				79C27F081FC6BB41002B5BF0 /* Debug */,
				79C27F091FC6BB41002B5BF0 /* Release */,
			);
			defaultConfigurationIsVisible = 0;
			defaultConfigurationName = Release;
		};
/* End XCConfigurationList section */
	};
	rootObject = 79C27ECD1FC6BB40002B5BF0 /* Project object */;
}
